<?xml version="1.0" encoding="utf-8"?>
<Project ToolsVersion="4.0" xmlns="http://schemas.microsoft.com/developer/msbuild/2003">
  <ItemGroup>
    <Filter Include="Source Files">
      <UniqueIdentifier>{4FC737F1-C7A5-4376-A066-2A32D752A2FF}</UniqueIdentifier>
      <Extensions>cpp;c;cc;cxx;c++;cppm;ixx;def;odl;idl;hpj;bat;asm;asmx</Extensions>
    </Filter>
    <Filter Include="Header Files">
      <UniqueIdentifier>{93995380-89BD-4b04-88EB-625FBE52EBFB}</UniqueIdentifier>
      <Extensions>h;hh;hpp;hxx;h++;hm;inl;inc;ipp;xsd</Extensions>
    </Filter>
    <Filter Include="Resource Files">
      <UniqueIdentifier>{67DA6AB6-F800-4c08-8B7A-83BB121AAD01}</UniqueIdentifier>
      <Extensions>rc;ico;cur;bmp;dlg;rc2;rct;bin;rgs;gif;jpg;jpeg;jpe;resx;tiff;tif;png;wav;mfcribbon-ms</Extensions>
    </Filter>
    <Filter Include="Vendor">
      <UniqueIdentifier>{f69df900-753e-40d6-8d08-df22b0eb8b43}</UniqueIdentifier>
    </Filter>
    <Filter Include="Vendor\ImGui">
      <UniqueIdentifier>{aa3e8752-781e-475f-a56a-d074890371b0}</UniqueIdentifier>
    </Filter>
  </ItemGroup>
  <ItemGroup>
    <ClInclude Include="..\..\..\..\..\..\vcpkg\vendor\ImGui\GLFW\imconfig.h">
      <Filter>Vendor\ImGui</Filter>
    </ClInclude>
    <ClInclude Include="..\..\..\..\..\..\vcpkg\vendor\ImGui\GLFW\imgui.h">
      <Filter>Vendor\ImGui</Filter>
    </ClInclude>
    <ClInclude Include="..\..\..\..\..\..\vcpkg\vendor\ImGui\GLFW\imgui_impl_glfw.h">
      <Filter>Vendor\ImGui</Filter>
    </ClInclude>
    <ClInclude Include="..\..\..\..\..\..\vcpkg\vendor\ImGui\GLFW\imgui_impl_opengl3.h">
      <Filter>Vendor\ImGui</Filter>
    </ClInclude>
    <ClInclude Include="..\..\..\..\..\..\vcpkg\vendor\ImGui\GLFW\imgui_impl_opengl3_loader.h">
      <Filter>Vendor\ImGui</Filter>
    </ClInclude>
    <ClInclude Include="..\..\..\..\..\..\vcpkg\vendor\ImGui\GLFW\imgui_internal.h">
      <Filter>Vendor\ImGui</Filter>
    </ClInclude>
    <ClInclude Include="..\..\..\..\..\..\vcpkg\vendor\ImGui\GLFW\imstb_rectpack.h">
      <Filter>Vendor\ImGui</Filter>
    </ClInclude>
    <ClInclude Include="..\..\..\..\..\..\vcpkg\vendor\ImGui\GLFW\imstb_textedit.h">
      <Filter>Vendor\ImGui</Filter>
    </ClInclude>
    <ClInclude Include="..\..\..\..\..\..\vcpkg\vendor\ImGui\GLFW\imstb_truetype.h">
      <Filter>Vendor\ImGui</Filter>
    </ClInclude>
    <ClInclude Include="include\mal\terrain.h">
      <Filter>Header Files</Filter>
    </ClInclude>
    <ClInclude Include="include\mal\layer.h">
      <Filter>Header Files</Filter>
    </ClInclude>
    <ClInclude Include="include\mal\camera.h">
      <Filter>Header Files</Filter>
    </ClInclude>
    <ClInclude Include="include\mal\view.h">
      <Filter>Header Files</Filter>
    </ClInclude>
    <ClInclude Include="include\mal\gui\frames.h">
      <Filter>Header Files</Filter>
    </ClInclude>
    <ClInclude Include="include\mal\polygon.h">
      <Filter>Header Files</Filter>
    </ClInclude>
    <ClInclude Include="include\mal\raster.h">
      <Filter>Header Files</Filter>
    </ClInclude>
  </ItemGroup>
  <ItemGroup>
    <ClCompile Include="..\..\..\..\..\..\vcpkg\vendor\ImGui\GLFW\imgui.cpp">
      <Filter>Vendor\ImGui</Filter>
    </ClCompile>
    <ClCompile Include="..\..\..\..\..\..\vcpkg\vendor\ImGui\GLFW\imgui_draw.cpp">
      <Filter>Vendor\ImGui</Filter>
    </ClCompile>
    <ClCompile Include="..\..\..\..\..\..\vcpkg\vendor\ImGui\GLFW\imgui_impl_glfw.cpp">
      <Filter>Vendor\ImGui</Filter>
    </ClCompile>
    <ClCompile Include="..\..\..\..\..\..\vcpkg\vendor\ImGui\GLFW\imgui_impl_opengl3.cpp">
      <Filter>Vendor\ImGui</Filter>
    </ClCompile>
    <ClCompile Include="..\..\..\..\..\..\vcpkg\vendor\ImGui\GLFW\imgui_tables.cpp">
      <Filter>Vendor\ImGui</Filter>
    </ClCompile>
    <ClCompile Include="..\..\..\..\..\..\vcpkg\vendor\ImGui\GLFW\imgui_widgets.cpp">
      <Filter>Vendor\ImGui</Filter>
    </ClCompile>
    <ClCompile Include="main.cpp">
      <Filter>Source Files</Filter>
    </ClCompile>
    <ClCompile Include="src\main.cpp">
      <Filter>Source Files</Filter>
    </ClCompile>
  </ItemGroup>
</Project>